// !$*UTF8*$!
{
	archiveVersion = 1;
	classes = {
	};
	objectVersion = 46;
	objects = {

/* Begin PBXBuildFile section */
		A8C5833E1BD2726B00CF27BC /* main.cpp in Sources */ = {isa = PBXBuildFile; fileRef = A8C5833D1BD2726B00CF27BC /* main.cpp */; };
		A8C583461BD2783100CF27BC /* student.cpp in Sources */ = {isa = PBXBuildFile; fileRef = A8C583451BD2783100CF27BC /* student.cpp */; settings = {ASSET_TAGS = (); }; };
/* End PBXBuildFile section */

/* Begin PBXCopyFilesBuildPhase section */
		A8C583381BD2726B00CF27BC /* CopyFiles */ = {
			isa = PBXCopyFilesBuildPhase;
			buildActionMask = 2147483647;
			dstPath = /usr/share/man/man1/;
			dstSubfolderSpec = 0;
			files = (
			);
			runOnlyForDeploymentPostprocessing = 1;
		};
/* End PBXCopyFilesBuildPhase section */

/* Begin PBXFileReference section */
		A8C5833A1BD2726B00CF27BC /* Student */ = {isa = PBXFileReference; explicitFileType = "compiled.mach-o.executable"; includeInIndex = 0; path = Student; sourceTree = BUILT_PRODUCTS_DIR; };
		A8C5833D1BD2726B00CF27BC /* main.cpp */ = {isa = PBXFileReference; lastKnownFileType = sourcecode.cpp.cpp; path = main.cpp; sourceTree = "<group>"; };
		A8C583441BD2727C00CF27BC /* studentc.h */ = {isa = PBXFileReference; lastKnownFileType = sourcecode.c.h; path = studentc.h; sourceTree = "<group>"; };
		A8C583451BD2783100CF27BC /* student.cpp */ = {isa = PBXFileReference; fileEncoding = 4; lastKnownFileType = sourcecode.cpp.cpp; path = student.cpp; sourceTree = "<group>"; };
/* End PBXFileReference section */

/* Begin PBXFrameworksBuildPhase section */
		A8C583371BD2726B00CF27BC /* Frameworks */ = {
			isa = PBXFrameworksBuildPhase;
			buildActionMask = 2147483647;
			files = (
			);
			runOnlyForDeploymentPostprocessing = 0;
		};
/* End PBXFrameworksBuildPhase section */

/* Begin PBXGroup section */
		A8C583311BD2726B00CF27BC = {
			isa = PBXGroup;
			children = (
				A8C5833C1BD2726B00CF27BC /* Student */,
				A8C5833B1BD2726B00CF27BC /* Products */,
			);
			sourceTree = "<group>";
		};
		A8C5833B1BD2726B00CF27BC /* Products */ = {
			isa = PBXGroup;
			children = (
				A8C5833A1BD2726B00CF27BC /* Student */,
			);
			name = Products;
			sourceTree = "<group>";
		};
		A8C5833C1BD2726B00CF27BC /* Student */ = {
			isa = PBXGroup;
			children = (
				A8C5833D1BD2726B00CF27BC /* main.cpp */,
				A8C583441BD2727C00CF27BC /* studentc.h */,
				A8C583451BD2783100CF27BC /* student.cpp */,
			);
			path = Student;
			sourceTree = "<group>";
		};
/* End PBXGroup section */

/* Begin PBXNativeTarget section */
		A8C583391BD2726B00CF27BC /* Student */ = {
			isa = PBXNativeTarget;
			buildConfigurationList = A8C583411BD2726B00CF27BC /* Build configuration list for PBXNativeTarget "Student" */;
			buildPhases = (
				A8C583361BD2726B00CF27BC /* Sources */,
				A8C583371BD2726B00CF27BC /* Frameworks */,
				A8C583381BD2726B00CF27BC /* CopyFiles */,
			);
			buildRules = (
			);
			dependencies = (
			);
			name = Student;
			productName = Student;
			productReference = A8C5833A1BD2726B00CF27BC /* Student */;
			productType = "com.apple.product-type.tool";
		};
/* End PBXNativeTarget section */

/* Begin PBXProject section */
		A8C583321BD2726B00CF27BC /* Project object */ = {
			isa = PBXProject;
			attributes = {
				LastUpgradeCheck = 0700;
				ORGANIZATIONNAME = XieHaoyang;
				TargetAttributes = {
					A8C583391BD2726B00CF27BC = {
						CreatedOnToolsVersion = 7.0.1;
					};
				};
			};
			buildConfigurationList = A8C583351BD2726B00CF27BC /* Build configuration list for PBXProject "Student" */;
			compatibilityVersion = "Xcode 3.2";
			developmentRegion = English;
			hasScannedForEncodings = 0;
			knownRegions = (
				en,
			);
			mainGroup = A8C583311BD2726B00CF27BC;
			productRefGroup = A8C5833B1BD2726B00CF27BC /* Products */;
			projectDirPath = "";
			projectRoot = "";
			targets = (
				A8C583391BD2726B00CF27BC /* Student */,
			);
		};
/* End PBXProject section */

/* Begin PBXSourcesBuildPhase section */
		A8C583361BD2726B00CF27BC /* Sources */ = {
			isa = PBXSourcesBuildPhase;
			buildActionMask = 2147483647;
			files = (
				A8C5833E1BD2726B00CF27BC /* main.cpp in Sources */,
				A8C583461BD2783100CF27BC /* student.cpp in Sources */,
			);
			runOnlyForDeploymentPostprocessing = 0;
		};
/* End PBXSourcesBuildPhase section */

/* Begin XCBuildConfiguration section */
		A8C5833F1BD2726B00CF27BC /* Debug */ = {
			isa = XCBuildConfiguration;
			buildSettings = {
				ALWAYS_SEARCH_USER_PATHS = NO;
				CLANG_CXX_LANGUAGE_STANDARD = "gnu++0x";
				CLANG_CXX_LIBRARY = "libc++";
				CLANG_ENABLE_MODULES = YES;
				CLANG_ENABLE_OBJC_ARC = YES;
				CLANG_WARN_BOOL_CONVERSION = YES;
				CLANG_WARN_CONSTANT_CONVERSION = YES;
				CLANG_WARN_DIRECT_OBJC_ISA_USAGE = YES_ERROR;
				CLANG_WARN_EMPTY_BODY = YES;
				CLANG_WARN_ENUM_CONVERSION = YES;
				CLANG_WARN_INT_CONVERSION = YES;
				CLANG_WARN_OBJC_ROOT_CLASS = YES_ERROR;
				CLANG_WARN_UNREACHABLE_CODE = YES;
				CLANG_WARN__DUPLICATE_METHOD_MATCH = YES;
				COPY_PHASE_STRIP = NO;
				DEBUG_INFORMATION_FORMAT = dwarf;
				ENABLE_STRICT_OBJC_MSGSEND = YES;
				ENABLE_TESTABILITY = YES;
				GCC_C_LANGUAGE_STANDARD = gnu99;
				GCC_DYNAMIC_NO_PIC = NO;
				GCC_NO_COMMON_BLOCKS = YES;
				GCC_OPTIMIZATION_LEVEL = 0;
				GCC_PREPROCESSOR_DEFINITIONS = (
					"DEBUG=1",
					"$(inherited)",
				);
				GCC_WARN_64_TO_32_BIT_CONVERSION = YES;
				GCC_WARN_ABOUT_RETURN_TYPE = YES_ERROR;
				GCC_WARN_UNDECLARED_SELECTOR = YES;
				GCC_WARN_UNINITIALIZED_AUTOS = YES_AGGRESSIVE;
				GCC_WARN_UNUSED_FUNCTION = YES;
				GCC_WARN_UNUSED_VARIABLE = YES;
				MACOSX_DEPLOYMENT_TARGET = 10.10;
				MTL_ENABLE_DEBUG_INFO = YES;
				ONLY_ACTIVE_ARCH = YES;
				SDKROOT = macosx;
			};
			name = Debug;
		};
		A8C583401BD2726B00CF27BC /* Release */ = {
			isa = XCBuildConfiguration;
			buildSettings = {
				ALWAYS_SEARCH_USER_PATHS = NO;
				CLANG_CXX_LANGUAGE_STANDARD = "gnu++0x";
				CLANG_CXX_LIBRARY = "libc++";
				CLANG_ENABLE_MODULES = YES;
				CLANG_ENABLE_OBJC_ARC = YES;
				CLANG_WARN_BOOL_CONVERSION = YES;
				CLANG_WARN_CONSTANT_CONVERSION = YES;
				CLANG_WARN_DIRECT_OBJC_ISA_USAGE = YES_ERROR;
				CLANG_WARN_EMPTY_BODY = YES;
				CLANG_WARN_ENUM_CONVERSION = YES;
				CLANG_WARN_INT_CONVERSION = YES;
				CLANG_WARN_OBJC_ROOT_CLASS = YES_ERROR;
				CLANG_WARN_UNREACHABLE_CODE = YES;
				CLANG_WARN__DUPLICATE_METHOD_MATCH = YES;
				COPY_PHASE_STRIP = NO;
				DEBUG_INFORMATION_FORMAT = "dwarf-with-dsym";
				ENABLE_NS_ASSERTIONS = NO;
				ENABLE_STRICT_OBJC_MSGSEND = YES;
				GCC_C_LANGUAGE_STANDARD = gnu99;
				GCC_NO_COMMON_BLOCKS = YES;
				GCC_WARN_64_TO_32_BIT_CONVERSION = YES;
				GCC_WARN_ABOUT_RETURN_TYPE = YES_ERROR;
				GCC_WARN_UNDECLARED_SELECTOR = YES;
				GCC_WARN_UNINITIALIZED_AUTOS = YES_AGGRESSIVE;
				GCC_WARN_UNUSED_FUNCTION = YES;
				GCC_WARN_UNUSED_VARIABLE = YES;
				MACOSX_DEPLOYMENT_TARGET = 10.10;
				MTL_ENABLE_DEBUG_INFO = NO;
				SDKROOT = macosx;
			};
			name = Release;
		};
		A8C583421BD2726B00CF27BC /* Debug */ = {
			isa = XCBuildConfiguration;
			buildSettings = {
				PRODUCT_NAME = "$(TARGET_NAME)";
			};
			name = Debug;
		};
		A8C583431BD2726B00CF27BC /* Release */ = {
			isa = XCBuildConfiguration;
			buildSettings = {
				PRODUCT_NAME = "$(TARGET_NAME)";
			};
			name = Release;
		};
/* End XCBuildConfiguration section */

/* Begin XCConfigurationList section */
		A8C583351BD2726B00CF27BC /* Build configuration list for PBXProject "Student" */ = {
			isa = XCConfigurationList;
			buildConfigurations = (
				A8C5833F1BD2726B00CF27BC /* Debug */,
				A8C583401BD2726B00CF27BC /* Release */,
			);
			defaultConfigurationIsVisible = 0;
			defaultConfigurationName = Release;
		};
		A8C583411BD2726B00CF27BC /* Build configuration list for PBXNativeTarget "Student" */ = {
			isa = XCConfigurationList;
			buildConfigurations = (
				A8C583421BD2726B00CF27BC /* Debug */,
				A8C583431BD2726B00CF27BC /* Release */,
			);
			defaultConfigurationIsVisible = 0;
		};
/* End XCConfigurationList section */
	};
	rootObject = A8C583321BD2726B00CF27BC /* Project object */;
}
