// !$*UTF8*$!
{
	archiveVersion = 1;
	classes = {
	};
	objectVersion = 46;
	objects = {

/* Begin PBXBuildFile section */
		A85E5B211C03467D00BF2C4A /* Block.cpp in Sources */ = {isa = PBXBuildFile; fileRef = A85E5B1B1C03467D00BF2C4A /* Block.cpp */; };
		A85E5B221C03467D00BF2C4A /* Figure.cpp in Sources */ = {isa = PBXBuildFile; fileRef = A85E5B1D1C03467D00BF2C4A /* Figure.cpp */; };
		A85E5B231C03467D00BF2C4A /* Game.cpp in Sources */ = {isa = PBXBuildFile; fileRef = A85E5B1E1C03467D00BF2C4A /* Game.cpp */; };
		A85E5B241C03467D00BF2C4A /* Tetris.cpp in Sources */ = {isa = PBXBuildFile; fileRef = A85E5B1F1C03467D00BF2C4A /* Tetris.cpp */; };
/* End PBXBuildFile section */

/* Begin PBXCopyFilesBuildPhase section */
		A85E5B0D1C03455E00BF2C4A /* CopyFiles */ = {
			isa = PBXCopyFilesBuildPhase;
			buildActionMask = 2147483647;
			dstPath = /usr/share/man/man1/;
			dstSubfolderSpec = 0;
			files = (
			);
			runOnlyForDeploymentPostprocessing = 1;
		};
/* End PBXCopyFilesBuildPhase section */

/* Begin PBXFileReference section */
		A85E5B0F1C03455E00BF2C4A /* myTetris */ = {isa = PBXFileReference; explicitFileType = "compiled.mach-o.executable"; includeInIndex = 0; path = myTetris; sourceTree = BUILT_PRODUCTS_DIR; };
		A85E5B1B1C03467D00BF2C4A /* Block.cpp */ = {isa = PBXFileReference; fileEncoding = 4; lastKnownFileType = sourcecode.cpp.cpp; name = Block.cpp; path = ../../tetris/Block.cpp; sourceTree = "<group>"; };
		A85E5B1C1C03467D00BF2C4A /* Common.h */ = {isa = PBXFileReference; fileEncoding = 4; lastKnownFileType = sourcecode.c.h; name = Common.h; path = ../../tetris/Common.h; sourceTree = "<group>"; };
		A85E5B1D1C03467D00BF2C4A /* Figure.cpp */ = {isa = PBXFileReference; fileEncoding = 4; lastKnownFileType = sourcecode.cpp.cpp; name = Figure.cpp; path = ../../tetris/Figure.cpp; sourceTree = "<group>"; };
		A85E5B1E1C03467D00BF2C4A /* Game.cpp */ = {isa = PBXFileReference; fileEncoding = 4; lastKnownFileType = sourcecode.cpp.cpp; name = Game.cpp; path = ../../tetris/Game.cpp; sourceTree = "<group>"; };
		A85E5B1F1C03467D00BF2C4A /* Tetris.cpp */ = {isa = PBXFileReference; fileEncoding = 4; lastKnownFileType = sourcecode.cpp.cpp; name = Tetris.cpp; path = ../../tetris/Tetris.cpp; sourceTree = "<group>"; };
		A85E5B201C03467D00BF2C4A /* Tetris.h */ = {isa = PBXFileReference; fileEncoding = 4; lastKnownFileType = sourcecode.c.h; name = Tetris.h; path = ../../tetris/Tetris.h; sourceTree = "<group>"; };
/* End PBXFileReference section */

/* Begin PBXFrameworksBuildPhase section */
		A85E5B0C1C03455E00BF2C4A /* Frameworks */ = {
			isa = PBXFrameworksBuildPhase;
			buildActionMask = 2147483647;
			files = (
			);
			runOnlyForDeploymentPostprocessing = 0;
		};
/* End PBXFrameworksBuildPhase section */

/* Begin PBXGroup section */
		A85E5B061C03455E00BF2C4A = {
			isa = PBXGroup;
			children = (
				A85E5B111C03455E00BF2C4A /* myTetris */,
				A85E5B101C03455E00BF2C4A /* Products */,
			);
			sourceTree = "<group>";
		};
		A85E5B101C03455E00BF2C4A /* Products */ = {
			isa = PBXGroup;
			children = (
				A85E5B0F1C03455E00BF2C4A /* myTetris */,
			);
			name = Products;
			sourceTree = "<group>";
		};
		A85E5B111C03455E00BF2C4A /* myTetris */ = {
			isa = PBXGroup;
			children = (
				A85E5B1B1C03467D00BF2C4A /* Block.cpp */,
				A85E5B1C1C03467D00BF2C4A /* Common.h */,
				A85E5B1D1C03467D00BF2C4A /* Figure.cpp */,
				A85E5B1E1C03467D00BF2C4A /* Game.cpp */,
				A85E5B1F1C03467D00BF2C4A /* Tetris.cpp */,
				A85E5B201C03467D00BF2C4A /* Tetris.h */,
			);
			path = myTetris;
			sourceTree = "<group>";
		};
/* End PBXGroup section */

/* Begin PBXNativeTarget section */
		A85E5B0E1C03455E00BF2C4A /* myTetris */ = {
			isa = PBXNativeTarget;
			buildConfigurationList = A85E5B161C03455E00BF2C4A /* Build configuration list for PBXNativeTarget "myTetris" */;
			buildPhases = (
				A85E5B0B1C03455E00BF2C4A /* Sources */,
				A85E5B0C1C03455E00BF2C4A /* Frameworks */,
				A85E5B0D1C03455E00BF2C4A /* CopyFiles */,
			);
			buildRules = (
			);
			dependencies = (
			);
			name = myTetris;
			productName = myTetris;
			productReference = A85E5B0F1C03455E00BF2C4A /* myTetris */;
			productType = "com.apple.product-type.tool";
		};
/* End PBXNativeTarget section */

/* Begin PBXProject section */
		A85E5B071C03455E00BF2C4A /* Project object */ = {
			isa = PBXProject;
			attributes = {
				LastUpgradeCheck = 0710;
				ORGANIZATIONNAME = XieHaoyang;
				TargetAttributes = {
					A85E5B0E1C03455E00BF2C4A = {
						CreatedOnToolsVersion = 7.1;
					};
				};
			};
			buildConfigurationList = A85E5B0A1C03455E00BF2C4A /* Build configuration list for PBXProject "myTetris" */;
			compatibilityVersion = "Xcode 3.2";
			developmentRegion = English;
			hasScannedForEncodings = 0;
			knownRegions = (
				en,
			);
			mainGroup = A85E5B061C03455E00BF2C4A;
			productRefGroup = A85E5B101C03455E00BF2C4A /* Products */;
			projectDirPath = "";
			projectRoot = "";
			targets = (
				A85E5B0E1C03455E00BF2C4A /* myTetris */,
			);
		};
/* End PBXProject section */

/* Begin PBXSourcesBuildPhase section */
		A85E5B0B1C03455E00BF2C4A /* Sources */ = {
			isa = PBXSourcesBuildPhase;
			buildActionMask = 2147483647;
			files = (
				A85E5B221C03467D00BF2C4A /* Figure.cpp in Sources */,
				A85E5B241C03467D00BF2C4A /* Tetris.cpp in Sources */,
				A85E5B211C03467D00BF2C4A /* Block.cpp in Sources */,
				A85E5B231C03467D00BF2C4A /* Game.cpp in Sources */,
			);
			runOnlyForDeploymentPostprocessing = 0;
		};
/* End PBXSourcesBuildPhase section */

/* Begin XCBuildConfiguration section */
		A85E5B141C03455E00BF2C4A /* Debug */ = {
			isa = XCBuildConfiguration;
			buildSettings = {
				ALWAYS_SEARCH_USER_PATHS = NO;
				CLANG_CXX_LANGUAGE_STANDARD = "gnu++0x";
				CLANG_CXX_LIBRARY = "libc++";
				CLANG_ENABLE_MODULES = YES;
				CLANG_ENABLE_OBJC_ARC = YES;
				CLANG_WARN_BOOL_CONVERSION = YES;
				CLANG_WARN_CONSTANT_CONVERSION = YES;
				CLANG_WARN_DIRECT_OBJC_ISA_USAGE = YES_ERROR;
				CLANG_WARN_EMPTY_BODY = YES;
				CLANG_WARN_ENUM_CONVERSION = YES;
				CLANG_WARN_INT_CONVERSION = YES;
				CLANG_WARN_OBJC_ROOT_CLASS = YES_ERROR;
				CLANG_WARN_UNREACHABLE_CODE = YES;
				CLANG_WARN__DUPLICATE_METHOD_MATCH = YES;
				CODE_SIGN_IDENTITY = "-";
				COPY_PHASE_STRIP = NO;
				DEBUG_INFORMATION_FORMAT = dwarf;
				ENABLE_STRICT_OBJC_MSGSEND = YES;
				ENABLE_TESTABILITY = YES;
				GCC_C_LANGUAGE_STANDARD = gnu99;
				GCC_DYNAMIC_NO_PIC = NO;
				GCC_NO_COMMON_BLOCKS = YES;
				GCC_OPTIMIZATION_LEVEL = 0;
				GCC_PREPROCESSOR_DEFINITIONS = (
					"DEBUG=1",
					"$(inherited)",
				);
				GCC_WARN_64_TO_32_BIT_CONVERSION = YES;
				GCC_WARN_ABOUT_RETURN_TYPE = YES_ERROR;
				GCC_WARN_UNDECLARED_SELECTOR = YES;
				GCC_WARN_UNINITIALIZED_AUTOS = YES_AGGRESSIVE;
				GCC_WARN_UNUSED_FUNCTION = YES;
				GCC_WARN_UNUSED_VARIABLE = YES;
				MACOSX_DEPLOYMENT_TARGET = 10.10;
				MTL_ENABLE_DEBUG_INFO = YES;
				ONLY_ACTIVE_ARCH = YES;
				SDKROOT = macosx;
			};
			name = Debug;
		};
		A85E5B151C03455E00BF2C4A /* Release */ = {
			isa = XCBuildConfiguration;
			buildSettings = {
				ALWAYS_SEARCH_USER_PATHS = NO;
				CLANG_CXX_LANGUAGE_STANDARD = "gnu++0x";
				CLANG_CXX_LIBRARY = "libc++";
				CLANG_ENABLE_MODULES = YES;
				CLANG_ENABLE_OBJC_ARC = YES;
				CLANG_WARN_BOOL_CONVERSION = YES;
				CLANG_WARN_CONSTANT_CONVERSION = YES;
				CLANG_WARN_DIRECT_OBJC_ISA_USAGE = YES_ERROR;
				CLANG_WARN_EMPTY_BODY = YES;
				CLANG_WARN_ENUM_CONVERSION = YES;
				CLANG_WARN_INT_CONVERSION = YES;
				CLANG_WARN_OBJC_ROOT_CLASS = YES_ERROR;
				CLANG_WARN_UNREACHABLE_CODE = YES;
				CLANG_WARN__DUPLICATE_METHOD_MATCH = YES;
				CODE_SIGN_IDENTITY = "-";
				COPY_PHASE_STRIP = NO;
				DEBUG_INFORMATION_FORMAT = "dwarf-with-dsym";
				ENABLE_NS_ASSERTIONS = NO;
				ENABLE_STRICT_OBJC_MSGSEND = YES;
				GCC_C_LANGUAGE_STANDARD = gnu99;
				GCC_NO_COMMON_BLOCKS = YES;
				GCC_WARN_64_TO_32_BIT_CONVERSION = YES;
				GCC_WARN_ABOUT_RETURN_TYPE = YES_ERROR;
				GCC_WARN_UNDECLARED_SELECTOR = YES;
				GCC_WARN_UNINITIALIZED_AUTOS = YES_AGGRESSIVE;
				GCC_WARN_UNUSED_FUNCTION = YES;
				GCC_WARN_UNUSED_VARIABLE = YES;
				MACOSX_DEPLOYMENT_TARGET = 10.10;
				MTL_ENABLE_DEBUG_INFO = NO;
				SDKROOT = macosx;
			};
			name = Release;
		};
		A85E5B171C03455E00BF2C4A /* Debug */ = {
			isa = XCBuildConfiguration;
			buildSettings = {
				PRODUCT_NAME = "$(TARGET_NAME)";
			};
			name = Debug;
		};
		A85E5B181C03455E00BF2C4A /* Release */ = {
			isa = XCBuildConfiguration;
			buildSettings = {
				PRODUCT_NAME = "$(TARGET_NAME)";
			};
			name = Release;
		};
/* End XCBuildConfiguration section */

/* Begin XCConfigurationList section */
		A85E5B0A1C03455E00BF2C4A /* Build configuration list for PBXProject "myTetris" */ = {
			isa = XCConfigurationList;
			buildConfigurations = (
				A85E5B141C03455E00BF2C4A /* Debug */,
				A85E5B151C03455E00BF2C4A /* Release */,
			);
			defaultConfigurationIsVisible = 0;
			defaultConfigurationName = Release;
		};
		A85E5B161C03455E00BF2C4A /* Build configuration list for PBXNativeTarget "myTetris" */ = {
			isa = XCConfigurationList;
			buildConfigurations = (
				A85E5B171C03455E00BF2C4A /* Debug */,
				A85E5B181C03455E00BF2C4A /* Release */,
			);
			defaultConfigurationIsVisible = 0;
		};
/* End XCConfigurationList section */
	};
	rootObject = A85E5B071C03455E00BF2C4A /* Project object */;
}
